// !$*UTF8*$!
{
	archiveVersion = 1;
	classes = {
	};
	objectVersion = 46;
	objects = {

/* Begin PBXBuildFile section */
		244CB6411F0401A8001EA260 /* TestAlarm.swift in Sources */ = {isa = PBXBuildFile; fileRef = 244CB6401F0401A8001EA260 /* TestAlarm.swift */; };
		244CB64D1F04029A001EA260 /* Alarm.swift in Sources */ = {isa = PBXBuildFile; fileRef = 244CB64C1F04029A001EA260 /* Alarm.swift */; };
		244CB64F1F0402A5001EA260 /* Sensor.swift in Sources */ = {isa = PBXBuildFile; fileRef = 244CB64E1F0402A5001EA260 /* Sensor.swift */; };
/* End PBXBuildFile section */

/* Begin PBXFileReference section */
		244CB63C1F0401A8001EA260 /* TirePressureMonitoringSystemTests.xctest */ = {isa = PBXFileReference; explicitFileType = wrapper.cfbundle; includeInIndex = 0; path = TirePressureMonitoringSystemTests.xctest; sourceTree = BUILT_PRODUCTS_DIR; };
		244CB6401F0401A8001EA260 /* TestAlarm.swift */ = {isa = PBXFileReference; lastKnownFileType = sourcecode.swift; path = TestAlarm.swift; sourceTree = "<group>"; };
		244CB6421F0401A8001EA260 /* Info.plist */ = {isa = PBXFileReference; lastKnownFileType = text.plist.xml; path = Info.plist; sourceTree = "<group>"; };
		244CB64C1F04029A001EA260 /* Alarm.swift */ = {isa = PBXFileReference; fileEncoding = 4; lastKnownFileType = sourcecode.swift; path = Alarm.swift; sourceTree = "<group>"; };
		244CB64E1F0402A5001EA260 /* Sensor.swift */ = {isa = PBXFileReference; fileEncoding = 4; lastKnownFileType = sourcecode.swift; path = Sensor.swift; sourceTree = "<group>"; };
/* End PBXFileReference section */

/* Begin PBXFrameworksBuildPhase section */
		244CB6391F0401A8001EA260 /* Frameworks */ = {
			isa = PBXFrameworksBuildPhase;
			buildActionMask = 2147483647;
			files = (
			);
			runOnlyForDeploymentPostprocessing = 0;
		};
/* End PBXFrameworksBuildPhase section */

/* Begin PBXGroup section */
		244CB61F1F0401A8001EA260 = {
			isa = PBXGroup;
			children = (
				244CB63F1F0401A8001EA260 /* TirePressureMonitoringSystemTests */,
				244CB6291F0401A8001EA260 /* Products */,
			);
			sourceTree = "<group>";
		};
		244CB6291F0401A8001EA260 /* Products */ = {
			isa = PBXGroup;
			children = (
				244CB63C1F0401A8001EA260 /* TirePressureMonitoringSystemTests.xctest */,
			);
			name = Products;
			sourceTree = "<group>";
		};
		244CB63F1F0401A8001EA260 /* TirePressureMonitoringSystemTests */ = {
			isa = PBXGroup;
			children = (
				244CB64C1F04029A001EA260 /* Alarm.swift */,
				244CB64E1F0402A5001EA260 /* Sensor.swift */,
				244CB6401F0401A8001EA260 /* TestAlarm.swift */,
				244CB64B1F040236001EA260 /* Supporting Files */,
			);
			path = TirePressureMonitoringSystemTests;
			sourceTree = "<group>";
		};
		244CB64B1F040236001EA260 /* Supporting Files */ = {
			isa = PBXGroup;
			children = (
				244CB6421F0401A8001EA260 /* Info.plist */,
			);
			name = "Supporting Files";
			sourceTree = "<group>";
		};
/* End PBXGroup section */

/* Begin PBXNativeTarget section */
		244CB63B1F0401A8001EA260 /* TirePressureMonitoringSystemTests */ = {
			isa = PBXNativeTarget;
			buildConfigurationList = 244CB6481F0401A8001EA260 /* Build configuration list for PBXNativeTarget "TirePressureMonitoringSystemTests" */;
			buildPhases = (
				244CB6381F0401A8001EA260 /* Sources */,
				244CB6391F0401A8001EA260 /* Frameworks */,
				244CB63A1F0401A8001EA260 /* Resources */,
			);
			buildRules = (
			);
			dependencies = (
			);
			name = TirePressureMonitoringSystemTests;
			productName = TirePressureMonitoringSystemTests;
			productReference = 244CB63C1F0401A8001EA260 /* TirePressureMonitoringSystemTests.xctest */;
			productType = "com.apple.product-type.bundle.unit-test";
		};
/* End PBXNativeTarget section */

/* Begin PBXProject section */
		244CB6201F0401A8001EA260 /* Project object */ = {
			isa = PBXProject;
			attributes = {
				LastSwiftUpdateCheck = 0830;
				LastUpgradeCheck = 0830;
				ORGANIZATIONNAME = example;
				TargetAttributes = {
					244CB63B1F0401A8001EA260 = {
						CreatedOnToolsVersion = 8.3.3;
						DevelopmentTeam = 4C34FT6ABU;
						ProvisioningStyle = Automatic;
					};
				};
			};
			buildConfigurationList = 244CB6231F0401A8001EA260 /* Build configuration list for PBXProject "TirePressureMonitoringSystem" */;
			compatibilityVersion = "Xcode 3.2";
			developmentRegion = English;
			hasScannedForEncodings = 0;
			knownRegions = (
				en,
				Base,
			);
			mainGroup = 244CB61F1F0401A8001EA260;
			productRefGroup = 244CB6291F0401A8001EA260 /* Products */;
			projectDirPath = "";
			projectRoot = "";
			targets = (
				244CB63B1F0401A8001EA260 /* TirePressureMonitoringSystemTests */,
			);
		};
/* End PBXProject section */

/* Begin PBXResourcesBuildPhase section */
		244CB63A1F0401A8001EA260 /* Resources */ = {
			isa = PBXResourcesBuildPhase;
			buildActionMask = 2147483647;
			files = (
			);
			runOnlyForDeploymentPostprocessing = 0;
		};
/* End PBXResourcesBuildPhase section */

/* Begin PBXSourcesBuildPhase section */
		244CB6381F0401A8001EA260 /* Sources */ = {
			isa = PBXSourcesBuildPhase;
			buildActionMask = 2147483647;
			files = (
				244CB6411F0401A8001EA260 /* TestAlarm.swift in Sources */,
				244CB64F1F0402A5001EA260 /* Sensor.swift in Sources */,
				244CB64D1F04029A001EA260 /* Alarm.swift in Sources */,
			);
			runOnlyForDeploymentPostprocessing = 0;
		};
/* End PBXSourcesBuildPhase section */

/* Begin XCBuildConfiguration section */
		244CB6431F0401A8001EA260 /* Debug */ = {
			isa = XCBuildConfiguration;
			buildSettings = {
				ALWAYS_SEARCH_USER_PATHS = NO;
				CLANG_ANALYZER_NONNULL = YES;
				CLANG_ANALYZER_NUMBER_OBJECT_CONVERSION = YES_AGGRESSIVE;
				CLANG_CXX_LANGUAGE_STANDARD = "gnu++0x";
				CLANG_CXX_LIBRARY = "libc++";
				CLANG_ENABLE_MODULES = YES;
				CLANG_ENABLE_OBJC_ARC = YES;
				CLANG_WARN_BOOL_CONVERSION = YES;
				CLANG_WARN_CONSTANT_CONVERSION = YES;
				CLANG_WARN_DIRECT_OBJC_ISA_USAGE = YES_ERROR;
				CLANG_WARN_DOCUMENTATION_COMMENTS = YES;
				CLANG_WARN_EMPTY_BODY = YES;
				CLANG_WARN_ENUM_CONVERSION = YES;
				CLANG_WARN_INFINITE_RECURSION = YES;
				CLANG_WARN_INT_CONVERSION = YES;
				CLANG_WARN_OBJC_ROOT_CLASS = YES_ERROR;
				CLANG_WARN_SUSPICIOUS_MOVE = YES;
				CLANG_WARN_UNREACHABLE_CODE = YES;
				CLANG_WARN__DUPLICATE_METHOD_MATCH = YES;
				"CODE_SIGN_IDENTITY[sdk=iphoneos*]" = "iPhone Developer";
				COPY_PHASE_STRIP = NO;
				DEBUG_INFORMATION_FORMAT = dwarf;
				ENABLE_STRICT_OBJC_MSGSEND = YES;
				ENABLE_TESTABILITY = YES;
				GCC_C_LANGUAGE_STANDARD = gnu99;
				GCC_DYNAMIC_NO_PIC = NO;
				GCC_NO_COMMON_BLOCKS = YES;
				GCC_OPTIMIZATION_LEVEL = 0;
				GCC_PREPROCESSOR_DEFINITIONS = (
					"DEBUG=1",
					"$(inherited)",
				);
				GCC_WARN_64_TO_32_BIT_CONVERSION = YES;
				GCC_WARN_ABOUT_RETURN_TYPE = YES_ERROR;
				GCC_WARN_UNDECLARED_SELECTOR = YES;
				GCC_WARN_UNINITIALIZED_AUTOS = YES_AGGRESSIVE;
				GCC_WARN_UNUSED_FUNCTION = YES;
				GCC_WARN_UNUSED_VARIABLE = YES;
				IPHONEOS_DEPLOYMENT_TARGET = 10.3;
				MTL_ENABLE_DEBUG_INFO = YES;
				ONLY_ACTIVE_ARCH = YES;
				SDKROOT = iphoneos;
				SWIFT_ACTIVE_COMPILATION_CONDITIONS = DEBUG;
				SWIFT_OPTIMIZATION_LEVEL = "-Onone";
				TARGETED_DEVICE_FAMILY = "1,2";
			};
			name = Debug;
		};
		244CB6441F0401A8001EA260 /* Release */ = {
			isa = XCBuildConfiguration;
			buildSettings = {
				ALWAYS_SEARCH_USER_PATHS = NO;
				CLANG_ANALYZER_NONNULL = YES;
				CLANG_ANALYZER_NUMBER_OBJECT_CONVERSION = YES_AGGRESSIVE;
				CLANG_CXX_LANGUAGE_STANDARD = "gnu++0x";
				CLANG_CXX_LIBRARY = "libc++";
				CLANG_ENABLE_MODULES = YES;
				CLANG_ENABLE_OBJC_ARC = YES;
				CLANG_WARN_BOOL_CONVERSION = YES;
				CLANG_WARN_CONSTANT_CONVERSION = YES;
				CLANG_WARN_DIRECT_OBJC_ISA_USAGE = YES_ERROR;
				CLANG_WARN_DOCUMENTATION_COMMENTS = YES;
				CLANG_WARN_EMPTY_BODY = YES;
				CLANG_WARN_ENUM_CONVERSION = YES;
				CLANG_WARN_INFINITE_RECURSION = YES;
				CLANG_WARN_INT_CONVERSION = YES;
				CLANG_WARN_OBJC_ROOT_CLASS = YES_ERROR;
				CLANG_WARN_SUSPICIOUS_MOVE = YES;
				CLANG_WARN_UNREACHABLE_CODE = YES;
				CLANG_WARN__DUPLICATE_METHOD_MATCH = YES;
				"CODE_SIGN_IDENTITY[sdk=iphoneos*]" = "iPhone Developer";
				COPY_PHASE_STRIP = NO;
				DEBUG_INFORMATION_FORMAT = "dwarf-with-dsym";
				ENABLE_NS_ASSERTIONS = NO;
				ENABLE_STRICT_OBJC_MSGSEND = YES;
				GCC_C_LANGUAGE_STANDARD = gnu99;
				GCC_NO_COMMON_BLOCKS = YES;
				GCC_WARN_64_TO_32_BIT_CONVERSION = YES;
				GCC_WARN_ABOUT_RETURN_TYPE = YES_ERROR;
				GCC_WARN_UNDECLARED_SELECTOR = YES;
				GCC_WARN_UNINITIALIZED_AUTOS = YES_AGGRESSIVE;
				GCC_WARN_UNUSED_FUNCTION = YES;
				GCC_WARN_UNUSED_VARIABLE = YES;
				IPHONEOS_DEPLOYMENT_TARGET = 10.3;
				MTL_ENABLE_DEBUG_INFO = NO;
				SDKROOT = iphoneos;
				SWIFT_OPTIMIZATION_LEVEL = "-Owholemodule";
				TARGETED_DEVICE_FAMILY = "1,2";
				VALIDATE_PRODUCT = YES;
			};
			name = Release;
		};
		244CB6491F0401A8001EA260 /* Debug */ = {
			isa = XCBuildConfiguration;
			buildSettings = {
				ALWAYS_EMBED_SWIFT_STANDARD_LIBRARIES = YES;
				DEVELOPMENT_TEAM = 4C34FT6ABU;
				INFOPLIST_FILE = TirePressureMonitoringSystemTests/Info.plist;
				LD_RUNPATH_SEARCH_PATHS = "$(inherited) @executable_path/Frameworks @loader_path/Frameworks";
				PRODUCT_BUNDLE_IDENTIFIER = com.example.TirePressureMonitoringSystemTests;
				PRODUCT_NAME = "$(TARGET_NAME)";
				SWIFT_VERSION = 3.0;
			};
			name = Debug;
		};
		244CB64A1F0401A8001EA260 /* Release */ = {
			isa = XCBuildConfiguration;
			buildSettings = {
				ALWAYS_EMBED_SWIFT_STANDARD_LIBRARIES = YES;
				DEVELOPMENT_TEAM = 4C34FT6ABU;
				INFOPLIST_FILE = TirePressureMonitoringSystemTests/Info.plist;
				LD_RUNPATH_SEARCH_PATHS = "$(inherited) @executable_path/Frameworks @loader_path/Frameworks";
				PRODUCT_BUNDLE_IDENTIFIER = com.example.TirePressureMonitoringSystemTests;
				PRODUCT_NAME = "$(TARGET_NAME)";
				SWIFT_VERSION = 3.0;
			};
			name = Release;
		};
/* End XCBuildConfiguration section */

/* Begin XCConfigurationList section */
		244CB6231F0401A8001EA260 /* Build configuration list for PBXProject "TirePressureMonitoringSystem" */ = {
			isa = XCConfigurationList;
			buildConfigurations = (
				244CB6431F0401A8001EA260 /* Debug */,
				244CB6441F0401A8001EA260 /* Release */,
			);
			defaultConfigurationIsVisible = 0;
			defaultConfigurationName = Release;
		};
		244CB6481F0401A8001EA260 /* Build configuration list for PBXNativeTarget "TirePressureMonitoringSystemTests" */ = {
			isa = XCConfigurationList;
			buildConfigurations = (
				244CB6491F0401A8001EA260 /* Debug */,
				244CB64A1F0401A8001EA260 /* Release */,
			);
			defaultConfigurationIsVisible = 0;
		};
/* End XCConfigurationList section */
	};
	rootObject = 244CB6201F0401A8001EA260 /* Project object */;
}
