// !$*UTF8*$!
{
	archiveVersion = 1;
	classes = {
	};
	objectVersion = 55;
	objects = {

/* Begin PBXBuildFile section */
		3246EB2C28521FD000229C8A /* AppDelegate.swift in Sources */ = {isa = PBXBuildFile; fileRef = 3246EB2B28521FD000229C8A /* AppDelegate.swift */; };
		3246EB2E28521FD000229C8A /* ViewController.swift in Sources */ = {isa = PBXBuildFile; fileRef = 3246EB2D28521FD000229C8A /* ViewController.swift */; };
		3246EB3028521FD100229C8A /* Assets.xcassets in Resources */ = {isa = PBXBuildFile; fileRef = 3246EB2F28521FD100229C8A /* Assets.xcassets */; };
		3246EB3328521FD100229C8A /* Main.storyboard in Resources */ = {isa = PBXBuildFile; fileRef = 3246EB3128521FD100229C8A /* Main.storyboard */; };
		3246EB3E28521FD200229C8A /* TextConverterTests.swift in Sources */ = {isa = PBXBuildFile; fileRef = 3246EB3D28521FD200229C8A /* TextConverterTests.swift */; };
		3246EB572852203C00229C8A /* HTMLPagesConverter.swift in Sources */ = {isa = PBXBuildFile; fileRef = 3246EB562852203C00229C8A /* HTMLPagesConverter.swift */; };
		3246EB592852205000229C8A /* HtmlTextConverter.swift in Sources */ = {isa = PBXBuildFile; fileRef = 3246EB582852205000229C8A /* HtmlTextConverter.swift */; };
		3246EB5B2852206E00229C8A /* String+EscapedHTML.swift in Sources */ = {isa = PBXBuildFile; fileRef = 3246EB5A2852206E00229C8A /* String+EscapedHTML.swift */; };
		3246EB5D2852249500229C8A /* StreamReader.swift in Sources */ = {isa = PBXBuildFile; fileRef = 3246EB5C2852249500229C8A /* StreamReader.swift */; };
/* End PBXBuildFile section */

/* Begin PBXContainerItemProxy section */
		3246EB3A28521FD200229C8A /* PBXContainerItemProxy */ = {
			isa = PBXContainerItemProxy;
			containerPortal = 3246EB2028521FD000229C8A /* Project object */;
			proxyType = 1;
			remoteGlobalIDString = 3246EB2728521FD000229C8A;
			remoteInfo = TextConverter;
		};
/* End PBXContainerItemProxy section */

/* Begin PBXFileReference section */
		3246EB2828521FD000229C8A /* TextConverter.app */ = {isa = PBXFileReference; explicitFileType = wrapper.application; includeInIndex = 0; path = TextConverter.app; sourceTree = BUILT_PRODUCTS_DIR; };
		3246EB2B28521FD000229C8A /* AppDelegate.swift */ = {isa = PBXFileReference; lastKnownFileType = sourcecode.swift; path = AppDelegate.swift; sourceTree = "<group>"; };
		3246EB2D28521FD000229C8A /* ViewController.swift */ = {isa = PBXFileReference; lastKnownFileType = sourcecode.swift; path = ViewController.swift; sourceTree = "<group>"; };
		3246EB2F28521FD100229C8A /* Assets.xcassets */ = {isa = PBXFileReference; lastKnownFileType = folder.assetcatalog; path = Assets.xcassets; sourceTree = "<group>"; };
		3246EB3228521FD100229C8A /* Base */ = {isa = PBXFileReference; lastKnownFileType = file.storyboard; name = Base; path = Base.lproj/Main.storyboard; sourceTree = "<group>"; };
		3246EB3428521FD100229C8A /* TextConverter.entitlements */ = {isa = PBXFileReference; lastKnownFileType = text.plist.entitlements; path = TextConverter.entitlements; sourceTree = "<group>"; };
		3246EB3928521FD200229C8A /* TextConverterTests.xctest */ = {isa = PBXFileReference; explicitFileType = wrapper.cfbundle; includeInIndex = 0; path = TextConverterTests.xctest; sourceTree = BUILT_PRODUCTS_DIR; };
		3246EB3D28521FD200229C8A /* TextConverterTests.swift */ = {isa = PBXFileReference; lastKnownFileType = sourcecode.swift; path = TextConverterTests.swift; sourceTree = "<group>"; };
		3246EB562852203C00229C8A /* HTMLPagesConverter.swift */ = {isa = PBXFileReference; lastKnownFileType = sourcecode.swift; path = HTMLPagesConverter.swift; sourceTree = "<group>"; };
		3246EB582852205000229C8A /* HtmlTextConverter.swift */ = {isa = PBXFileReference; lastKnownFileType = sourcecode.swift; path = HtmlTextConverter.swift; sourceTree = "<group>"; };
		3246EB5A2852206E00229C8A /* String+EscapedHTML.swift */ = {isa = PBXFileReference; lastKnownFileType = sourcecode.swift; path = "String+EscapedHTML.swift"; sourceTree = "<group>"; };
		3246EB5C2852249500229C8A /* StreamReader.swift */ = {isa = PBXFileReference; lastKnownFileType = sourcecode.swift; path = StreamReader.swift; sourceTree = "<group>"; };
/* End PBXFileReference section */

/* Begin PBXFrameworksBuildPhase section */
		3246EB2528521FD000229C8A /* Frameworks */ = {
			isa = PBXFrameworksBuildPhase;
			buildActionMask = 2147483647;
			files = (
			);
			runOnlyForDeploymentPostprocessing = 0;
		};
		3246EB3628521FD200229C8A /* Frameworks */ = {
			isa = PBXFrameworksBuildPhase;
			buildActionMask = 2147483647;
			files = (
			);
			runOnlyForDeploymentPostprocessing = 0;
		};
/* End PBXFrameworksBuildPhase section */

/* Begin PBXGroup section */
		3246EB1F28521FD000229C8A = {
			isa = PBXGroup;
			children = (
				3246EB2A28521FD000229C8A /* TextConverter */,
				3246EB3C28521FD200229C8A /* TextConverterTests */,
				3246EB2928521FD000229C8A /* Products */,
			);
			sourceTree = "<group>";
		};
		3246EB2928521FD000229C8A /* Products */ = {
			isa = PBXGroup;
			children = (
				3246EB2828521FD000229C8A /* TextConverter.app */,
				3246EB3928521FD200229C8A /* TextConverterTests.xctest */,
			);
			name = Products;
			sourceTree = "<group>";
		};
		3246EB2A28521FD000229C8A /* TextConverter */ = {
			isa = PBXGroup;
			children = (
				3246EB2B28521FD000229C8A /* AppDelegate.swift */,
				3246EB2D28521FD000229C8A /* ViewController.swift */,
				3246EB582852205000229C8A /* HtmlTextConverter.swift */,
				3246EB562852203C00229C8A /* HTMLPagesConverter.swift */,
				3246EB5A2852206E00229C8A /* String+EscapedHTML.swift */,
				3246EB5C2852249500229C8A /* StreamReader.swift */,
				3246EB2F28521FD100229C8A /* Assets.xcassets */,
				3246EB3128521FD100229C8A /* Main.storyboard */,
				3246EB3428521FD100229C8A /* TextConverter.entitlements */,
			);
			path = TextConverter;
			sourceTree = "<group>";
		};
		3246EB3C28521FD200229C8A /* TextConverterTests */ = {
			isa = PBXGroup;
			children = (
				3246EB3D28521FD200229C8A /* TextConverterTests.swift */,
			);
			path = TextConverterTests;
			sourceTree = "<group>";
		};
/* End PBXGroup section */

/* Begin PBXNativeTarget section */
		3246EB2728521FD000229C8A /* TextConverter */ = {
			isa = PBXNativeTarget;
			buildConfigurationList = 3246EB4D28521FD200229C8A /* Build configuration list for PBXNativeTarget "TextConverter" */;
			buildPhases = (
				3246EB2428521FD000229C8A /* Sources */,
				3246EB2528521FD000229C8A /* Frameworks */,
				3246EB2628521FD000229C8A /* Resources */,
			);
			buildRules = (
			);
			dependencies = (
			);
			name = TextConverter;
			productName = TextConverter;
			productReference = 3246EB2828521FD000229C8A /* TextConverter.app */;
			productType = "com.apple.product-type.application";
		};
		3246EB3828521FD200229C8A /* TextConverterTests */ = {
			isa = PBXNativeTarget;
			buildConfigurationList = 3246EB5028521FD200229C8A /* Build configuration list for PBXNativeTarget "TextConverterTests" */;
			buildPhases = (
				3246EB3528521FD200229C8A /* Sources */,
				3246EB3628521FD200229C8A /* Frameworks */,
				3246EB3728521FD200229C8A /* Resources */,
			);
			buildRules = (
			);
			dependencies = (
				3246EB3B28521FD200229C8A /* PBXTargetDependency */,
			);
			name = TextConverterTests;
			productName = TextConverterTests;
			productReference = 3246EB3928521FD200229C8A /* TextConverterTests.xctest */;
			productType = "com.apple.product-type.bundle.unit-test";
		};
/* End PBXNativeTarget section */

/* Begin PBXProject section */
		3246EB2028521FD000229C8A /* Project object */ = {
			isa = PBXProject;
			attributes = {
				BuildIndependentTargetsInParallel = 1;
				LastSwiftUpdateCheck = 1320;
				LastUpgradeCheck = 1320;
				TargetAttributes = {
					3246EB2728521FD000229C8A = {
						CreatedOnToolsVersion = 13.2.1;
					};
					3246EB3828521FD200229C8A = {
						CreatedOnToolsVersion = 13.2.1;
						TestTargetID = 3246EB2728521FD000229C8A;
					};
				};
			};
			buildConfigurationList = 3246EB2328521FD000229C8A /* Build configuration list for PBXProject "TextConverter" */;
			compatibilityVersion = "Xcode 13.0";
			developmentRegion = en;
			hasScannedForEncodings = 0;
			knownRegions = (
				en,
				Base,
			);
			mainGroup = 3246EB1F28521FD000229C8A;
			productRefGroup = 3246EB2928521FD000229C8A /* Products */;
			projectDirPath = "";
			projectRoot = "";
			targets = (
				3246EB2728521FD000229C8A /* TextConverter */,
				3246EB3828521FD200229C8A /* TextConverterTests */,
			);
		};
/* End PBXProject section */

/* Begin PBXResourcesBuildPhase section */
		3246EB2628521FD000229C8A /* Resources */ = {
			isa = PBXResourcesBuildPhase;
			buildActionMask = 2147483647;
			files = (
				3246EB3028521FD100229C8A /* Assets.xcassets in Resources */,
				3246EB3328521FD100229C8A /* Main.storyboard in Resources */,
			);
			runOnlyForDeploymentPostprocessing = 0;
		};
		3246EB3728521FD200229C8A /* Resources */ = {
			isa = PBXResourcesBuildPhase;
			buildActionMask = 2147483647;
			files = (
			);
			runOnlyForDeploymentPostprocessing = 0;
		};
/* End PBXResourcesBuildPhase section */

/* Begin PBXSourcesBuildPhase section */
		3246EB2428521FD000229C8A /* Sources */ = {
			isa = PBXSourcesBuildPhase;
			buildActionMask = 2147483647;
			files = (
				3246EB5D2852249500229C8A /* StreamReader.swift in Sources */,
				3246EB592852205000229C8A /* HtmlTextConverter.swift in Sources */,
				3246EB2E28521FD000229C8A /* ViewController.swift in Sources */,
				3246EB5B2852206E00229C8A /* String+EscapedHTML.swift in Sources */,
				3246EB2C28521FD000229C8A /* AppDelegate.swift in Sources */,
				3246EB572852203C00229C8A /* HTMLPagesConverter.swift in Sources */,
			);
			runOnlyForDeploymentPostprocessing = 0;
		};
		3246EB3528521FD200229C8A /* Sources */ = {
			isa = PBXSourcesBuildPhase;
			buildActionMask = 2147483647;
			files = (
				3246EB3E28521FD200229C8A /* TextConverterTests.swift in Sources */,
			);
			runOnlyForDeploymentPostprocessing = 0;
		};
/* End PBXSourcesBuildPhase section */

/* Begin PBXTargetDependency section */
		3246EB3B28521FD200229C8A /* PBXTargetDependency */ = {
			isa = PBXTargetDependency;
			target = 3246EB2728521FD000229C8A /* TextConverter */;
			targetProxy = 3246EB3A28521FD200229C8A /* PBXContainerItemProxy */;
		};
/* End PBXTargetDependency section */

/* Begin PBXVariantGroup section */
		3246EB3128521FD100229C8A /* Main.storyboard */ = {
			isa = PBXVariantGroup;
			children = (
				3246EB3228521FD100229C8A /* Base */,
			);
			name = Main.storyboard;
			sourceTree = "<group>";
		};
/* End PBXVariantGroup section */

/* Begin XCBuildConfiguration section */
		3246EB4B28521FD200229C8A /* Debug */ = {
			isa = XCBuildConfiguration;
			buildSettings = {
				ALWAYS_SEARCH_USER_PATHS = NO;
				CLANG_ANALYZER_NONNULL = YES;
				CLANG_ANALYZER_NUMBER_OBJECT_CONVERSION = YES_AGGRESSIVE;
				CLANG_CXX_LANGUAGE_STANDARD = "gnu++17";
				CLANG_CXX_LIBRARY = "libc++";
				CLANG_ENABLE_MODULES = YES;
				CLANG_ENABLE_OBJC_ARC = YES;
				CLANG_ENABLE_OBJC_WEAK = YES;
				CLANG_WARN_BLOCK_CAPTURE_AUTORELEASING = YES;
				CLANG_WARN_BOOL_CONVERSION = YES;
				CLANG_WARN_COMMA = YES;
				CLANG_WARN_CONSTANT_CONVERSION = YES;
				CLANG_WARN_DEPRECATED_OBJC_IMPLEMENTATIONS = YES;
				CLANG_WARN_DIRECT_OBJC_ISA_USAGE = YES_ERROR;
				CLANG_WARN_DOCUMENTATION_COMMENTS = YES;
				CLANG_WARN_EMPTY_BODY = YES;
				CLANG_WARN_ENUM_CONVERSION = YES;
				CLANG_WARN_INFINITE_RECURSION = YES;
				CLANG_WARN_INT_CONVERSION = YES;
				CLANG_WARN_NON_LITERAL_NULL_CONVERSION = YES;
				CLANG_WARN_OBJC_IMPLICIT_RETAIN_SELF = YES;
				CLANG_WARN_OBJC_LITERAL_CONVERSION = YES;
				CLANG_WARN_OBJC_ROOT_CLASS = YES_ERROR;
				CLANG_WARN_QUOTED_INCLUDE_IN_FRAMEWORK_HEADER = YES;
				CLANG_WARN_RANGE_LOOP_ANALYSIS = YES;
				CLANG_WARN_STRICT_PROTOTYPES = YES;
				CLANG_WARN_SUSPICIOUS_MOVE = YES;
				CLANG_WARN_UNGUARDED_AVAILABILITY = YES_AGGRESSIVE;
				CLANG_WARN_UNREACHABLE_CODE = YES;
				CLANG_WARN__DUPLICATE_METHOD_MATCH = YES;
				COPY_PHASE_STRIP = NO;
				DEBUG_INFORMATION_FORMAT = dwarf;
				ENABLE_STRICT_OBJC_MSGSEND = YES;
				ENABLE_TESTABILITY = YES;
				GCC_C_LANGUAGE_STANDARD = gnu11;
				GCC_DYNAMIC_NO_PIC = NO;
				GCC_NO_COMMON_BLOCKS = YES;
				GCC_OPTIMIZATION_LEVEL = 0;
				GCC_PREPROCESSOR_DEFINITIONS = (
					"DEBUG=1",
					"$(inherited)",
				);
				GCC_WARN_64_TO_32_BIT_CONVERSION = YES;
				GCC_WARN_ABOUT_RETURN_TYPE = YES_ERROR;
				GCC_WARN_UNDECLARED_SELECTOR = YES;
				GCC_WARN_UNINITIALIZED_AUTOS = YES_AGGRESSIVE;
				GCC_WARN_UNUSED_FUNCTION = YES;
				GCC_WARN_UNUSED_VARIABLE = YES;
				MACOSX_DEPLOYMENT_TARGET = 12.1;
				MTL_ENABLE_DEBUG_INFO = INCLUDE_SOURCE;
				MTL_FAST_MATH = YES;
				ONLY_ACTIVE_ARCH = YES;
				SDKROOT = macosx;
				SWIFT_ACTIVE_COMPILATION_CONDITIONS = DEBUG;
				SWIFT_OPTIMIZATION_LEVEL = "-Onone";
			};
			name = Debug;
		};
		3246EB4C28521FD200229C8A /* Release */ = {
			isa = XCBuildConfiguration;
			buildSettings = {
				ALWAYS_SEARCH_USER_PATHS = NO;
				CLANG_ANALYZER_NONNULL = YES;
				CLANG_ANALYZER_NUMBER_OBJECT_CONVERSION = YES_AGGRESSIVE;
				CLANG_CXX_LANGUAGE_STANDARD = "gnu++17";
				CLANG_CXX_LIBRARY = "libc++";
				CLANG_ENABLE_MODULES = YES;
				CLANG_ENABLE_OBJC_ARC = YES;
				CLANG_ENABLE_OBJC_WEAK = YES;
				CLANG_WARN_BLOCK_CAPTURE_AUTORELEASING = YES;
				CLANG_WARN_BOOL_CONVERSION = YES;
				CLANG_WARN_COMMA = YES;
				CLANG_WARN_CONSTANT_CONVERSION = YES;
				CLANG_WARN_DEPRECATED_OBJC_IMPLEMENTATIONS = YES;
				CLANG_WARN_DIRECT_OBJC_ISA_USAGE = YES_ERROR;
				CLANG_WARN_DOCUMENTATION_COMMENTS = YES;
				CLANG_WARN_EMPTY_BODY = YES;
				CLANG_WARN_ENUM_CONVERSION = YES;
				CLANG_WARN_INFINITE_RECURSION = YES;
				CLANG_WARN_INT_CONVERSION = YES;
				CLANG_WARN_NON_LITERAL_NULL_CONVERSION = YES;
				CLANG_WARN_OBJC_IMPLICIT_RETAIN_SELF = YES;
				CLANG_WARN_OBJC_LITERAL_CONVERSION = YES;
				CLANG_WARN_OBJC_ROOT_CLASS = YES_ERROR;
				CLANG_WARN_QUOTED_INCLUDE_IN_FRAMEWORK_HEADER = YES;
				CLANG_WARN_RANGE_LOOP_ANALYSIS = YES;
				CLANG_WARN_STRICT_PROTOTYPES = YES;
				CLANG_WARN_SUSPICIOUS_MOVE = YES;
				CLANG_WARN_UNGUARDED_AVAILABILITY = YES_AGGRESSIVE;
				CLANG_WARN_UNREACHABLE_CODE = YES;
				CLANG_WARN__DUPLICATE_METHOD_MATCH = YES;
				COPY_PHASE_STRIP = NO;
				DEBUG_INFORMATION_FORMAT = "dwarf-with-dsym";
				ENABLE_NS_ASSERTIONS = NO;
				ENABLE_STRICT_OBJC_MSGSEND = YES;
				GCC_C_LANGUAGE_STANDARD = gnu11;
				GCC_NO_COMMON_BLOCKS = YES;
				GCC_WARN_64_TO_32_BIT_CONVERSION = YES;
				GCC_WARN_ABOUT_RETURN_TYPE = YES_ERROR;
				GCC_WARN_UNDECLARED_SELECTOR = YES;
				GCC_WARN_UNINITIALIZED_AUTOS = YES_AGGRESSIVE;
				GCC_WARN_UNUSED_FUNCTION = YES;
				GCC_WARN_UNUSED_VARIABLE = YES;
				MACOSX_DEPLOYMENT_TARGET = 12.1;
				MTL_ENABLE_DEBUG_INFO = NO;
				MTL_FAST_MATH = YES;
				SDKROOT = macosx;
				SWIFT_COMPILATION_MODE = wholemodule;
				SWIFT_OPTIMIZATION_LEVEL = "-O";
			};
			name = Release;
		};
		3246EB4E28521FD200229C8A /* Debug */ = {
			isa = XCBuildConfiguration;
			buildSettings = {
				ASSETCATALOG_COMPILER_APPICON_NAME = AppIcon;
				ASSETCATALOG_COMPILER_GLOBAL_ACCENT_COLOR_NAME = AccentColor;
				CODE_SIGN_ENTITLEMENTS = TextConverter/TextConverter.entitlements;
				CODE_SIGN_STYLE = Automatic;
				COMBINE_HIDPI_IMAGES = YES;
				CURRENT_PROJECT_VERSION = 1;
				DEVELOPMENT_TEAM = 4F8LZQ594D;
				ENABLE_HARDENED_RUNTIME = YES;
				GENERATE_INFOPLIST_FILE = YES;
				INFOPLIST_KEY_NSHumanReadableCopyright = "";
				INFOPLIST_KEY_NSMainStoryboardFile = Main;
				INFOPLIST_KEY_NSPrincipalClass = NSApplication;
				LD_RUNPATH_SEARCH_PATHS = (
					"$(inherited)",
					"@executable_path/../Frameworks",
				);
				MARKETING_VERSION = 1.0;
				PRODUCT_BUNDLE_IDENTIFIER = ludotronics.TextConverter;
				PRODUCT_NAME = "$(TARGET_NAME)";
				SWIFT_EMIT_LOC_STRINGS = YES;
				SWIFT_VERSION = 5.0;
			};
			name = Debug;
		};
		3246EB4F28521FD200229C8A /* Release */ = {
			isa = XCBuildConfiguration;
			buildSettings = {
				ASSETCATALOG_COMPILER_APPICON_NAME = AppIcon;
				ASSETCATALOG_COMPILER_GLOBAL_ACCENT_COLOR_NAME = AccentColor;
				CODE_SIGN_ENTITLEMENTS = TextConverter/TextConverter.entitlements;
				CODE_SIGN_STYLE = Automatic;
				COMBINE_HIDPI_IMAGES = YES;
				CURRENT_PROJECT_VERSION = 1;
				DEVELOPMENT_TEAM = 4F8LZQ594D;
				ENABLE_HARDENED_RUNTIME = YES;
				GENERATE_INFOPLIST_FILE = YES;
				INFOPLIST_KEY_NSHumanReadableCopyright = "";
				INFOPLIST_KEY_NSMainStoryboardFile = Main;
				INFOPLIST_KEY_NSPrincipalClass = NSApplication;
				LD_RUNPATH_SEARCH_PATHS = (
					"$(inherited)",
					"@executable_path/../Frameworks",
				);
				MARKETING_VERSION = 1.0;
				PRODUCT_BUNDLE_IDENTIFIER = ludotronics.TextConverter;
				PRODUCT_NAME = "$(TARGET_NAME)";
				SWIFT_EMIT_LOC_STRINGS = YES;
				SWIFT_VERSION = 5.0;
			};
			name = Release;
		};
		3246EB5128521FD200229C8A /* Debug */ = {
			isa = XCBuildConfiguration;
			buildSettings = {
				ALWAYS_EMBED_SWIFT_STANDARD_LIBRARIES = YES;
				BUNDLE_LOADER = "$(TEST_HOST)";
				CODE_SIGN_STYLE = Automatic;
				CURRENT_PROJECT_VERSION = 1;
				DEVELOPMENT_TEAM = 4F8LZQ594D;
				GENERATE_INFOPLIST_FILE = YES;
				MACOSX_DEPLOYMENT_TARGET = 12.1;
				MARKETING_VERSION = 1.0;
				PRODUCT_BUNDLE_IDENTIFIER = ludotronics.TextConverterTests;
				PRODUCT_NAME = "$(TARGET_NAME)";
				SWIFT_EMIT_LOC_STRINGS = NO;
				SWIFT_VERSION = 5.0;
				TEST_HOST = "$(BUILT_PRODUCTS_DIR)/TextConverter.app/Contents/MacOS/TextConverter";
			};
			name = Debug;
		};
		3246EB5228521FD200229C8A /* Release */ = {
			isa = XCBuildConfiguration;
			buildSettings = {
				ALWAYS_EMBED_SWIFT_STANDARD_LIBRARIES = YES;
				BUNDLE_LOADER = "$(TEST_HOST)";
				CODE_SIGN_STYLE = Automatic;
				CURRENT_PROJECT_VERSION = 1;
				DEVELOPMENT_TEAM = 4F8LZQ594D;
				GENERATE_INFOPLIST_FILE = YES;
				MACOSX_DEPLOYMENT_TARGET = 12.1;
				MARKETING_VERSION = 1.0;
				PRODUCT_BUNDLE_IDENTIFIER = ludotronics.TextConverterTests;
				PRODUCT_NAME = "$(TARGET_NAME)";
				SWIFT_EMIT_LOC_STRINGS = NO;
				SWIFT_VERSION = 5.0;
				TEST_HOST = "$(BUILT_PRODUCTS_DIR)/TextConverter.app/Contents/MacOS/TextConverter";
			};
			name = Release;
		};
/* End XCBuildConfiguration section */

/* Begin XCConfigurationList section */
		3246EB2328521FD000229C8A /* Build configuration list for PBXProject "TextConverter" */ = {
			isa = XCConfigurationList;
			buildConfigurations = (
				3246EB4B28521FD200229C8A /* Debug */,
				3246EB4C28521FD200229C8A /* Release */,
			);
			defaultConfigurationIsVisible = 0;
			defaultConfigurationName = Release;
		};
		3246EB4D28521FD200229C8A /* Build configuration list for PBXNativeTarget "TextConverter" */ = {
			isa = XCConfigurationList;
			buildConfigurations = (
				3246EB4E28521FD200229C8A /* Debug */,
				3246EB4F28521FD200229C8A /* Release */,
			);
			defaultConfigurationIsVisible = 0;
			defaultConfigurationName = Release;
		};
		3246EB5028521FD200229C8A /* Build configuration list for PBXNativeTarget "TextConverterTests" */ = {
			isa = XCConfigurationList;
			buildConfigurations = (
				3246EB5128521FD200229C8A /* Debug */,
				3246EB5228521FD200229C8A /* Release */,
			);
			defaultConfigurationIsVisible = 0;
			defaultConfigurationName = Release;
		};
/* End XCConfigurationList section */
	};
	rootObject = 3246EB2028521FD000229C8A /* Project object */;
}
